
Microsoft Visual Studio Solution File, Format Version 12.00
# Visual Studio Version 17
VisualStudioVersion = 17.3.32929.385
MinimumVisualStudioVersion = 10.0.40219.1
Project("{FAE04EC0-301F-11D3-BF4B-00C04F79EFBC}") = "WpfApp1", "WpfApp1\WpfApp1.csproj", "{658F425F-3659-496E-A65B-F13F51BA85E7}"
EndProject
Global
	GlobalSection(SolutionConfigurationPlatforms) = preSolution
		Debug|Any CPU = Debug|Any CPU
		Release|Any CPU = Release|Any CPU
	EndGlobalSection
	GlobalSection(ProjectConfigurationPlatforms) = postSolution
		{658F425F-3659-496E-A65B-F13F51BA85E7}.Debug|Any CPU.ActiveCfg = Debug|Any CPU
		{658F425F-3659-496E-A65B-F13F51BA85E7}.Debug|Any CPU.Build.0 = Debug|Any CPU
		{658F425F-3659-496E-A65B-F13F51BA85E7}.Release|Any CPU.ActiveCfg = Release|Any CPU
		{658F425F-3659-496E-A65B-F13F51BA85E7}.Release|Any CPU.Build.0 = Release|Any CPU
	EndGlobalSection
	GlobalSection(SolutionProperties) = preSolution
		HideSolutionNode = FALSE
	EndGlobalSection
	GlobalSection(ExtensibilityGlobals) = postSolution
		SolutionGuid = {F2A51117-A48F-4BCE-A9D4-84792F31D436}
	EndGlobalSection
EndGlobal
